
Microsoft Visual Studio Solution File, Format Version 12.00
# Visual Studio Version 17
VisualStudioVersion = 17.6.33829.357
MinimumVisualStudioVersion = 10.0.40219.1
Project("{FAE04EC0-301F-11D3-BF4B-00C04F79EFBC}") = "CalculadoraBasica", "CalculadoraBasica\CalculadoraBasica.csproj", "{37C92DA2-31FB-48ED-A592-6140018A1389}"
EndProject
Global
	GlobalSection(SolutionConfigurationPlatforms) = preSolution
		Debug|Any CPU = Debug|Any CPU
		Release|Any CPU = Release|Any CPU
	EndGlobalSection
	GlobalSection(ProjectConfigurationPlatforms) = postSolution
		{37C92DA2-31FB-48ED-A592-6140018A1389}.Debug|Any CPU.ActiveCfg = Debug|Any CPU
		{37C92DA2-31FB-48ED-A592-6140018A1389}.Debug|Any CPU.Build.0 = Debug|Any CPU
		{37C92DA2-31FB-48ED-A592-6140018A1389}.Release|Any CPU.ActiveCfg = Release|Any CPU
		{37C92DA2-31FB-48ED-A592-6140018A1389}.Release|Any CPU.Build.0 = Release|Any CPU
	EndGlobalSection
	GlobalSection(SolutionProperties) = preSolution
		HideSolutionNode = FALSE
	EndGlobalSection
	GlobalSection(ExtensibilityGlobals) = postSolution
		SolutionGuid = {4994D47C-F61F-461D-B557-7D432DB7355A}
	EndGlobalSection
EndGlobal
